
Microsoft Visual Studio Solution File, Format Version 12.00
# Visual Studio Version 16
VisualStudioVersion = 16.0.30503.244
MinimumVisualStudioVersion = 10.0.40219.1
Project("{FAE04EC0-301F-11D3-BF4B-00C04F79EFBC}") = "WindowsFormsApp1008", "WindowsFormsApp1008\WindowsFormsApp1008.csproj", "{A4B70AA1-9F63-4614-BD63-F54D2961822B}"
EndProject
Global
	GlobalSection(SolutionConfigurationPlatforms) = preSolution
		Debug|Any CPU = Debug|Any CPU
		Release|Any CPU = Release|Any CPU
	EndGlobalSection
	GlobalSection(ProjectConfigurationPlatforms) = postSolution
		{A4B70AA1-9F63-4614-BD63-F54D2961822B}.Debug|Any CPU.ActiveCfg = Debug|Any CPU
		{A4B70AA1-9F63-4614-BD63-F54D2961822B}.Debug|Any CPU.Build.0 = Debug|Any CPU
		{A4B70AA1-9F63-4614-BD63-F54D2961822B}.Release|Any CPU.ActiveCfg = Release|Any CPU
		{A4B70AA1-9F63-4614-BD63-F54D2961822B}.Release|Any CPU.Build.0 = Release|Any CPU
	EndGlobalSection
	GlobalSection(SolutionProperties) = preSolution
		HideSolutionNode = FALSE
	EndGlobalSection
	GlobalSection(ExtensibilityGlobals) = postSolution
		SolutionGuid = {A4809EDB-5513-453C-917E-2C3A2F16D2A5}
	EndGlobalSection
EndGlobal
